// !$*UTF8*$!
{
	archiveVersion = 1;
	classes = {
	};
	objectVersion = 51;
	objects = {

/* Begin PBXBuildFile section */
		073A718A55D827B4C4968E9D /* Pods_RxSimpleApp.framework in Frameworks */ = {isa = PBXBuildFile; fileRef = AD007173A93F9002C7CD5010 /* Pods_RxSimpleApp.framework */; };
		2E8F29C622B8F05E0001A2DB /* AppDelegate.swift in Sources */ = {isa = PBXBuildFile; fileRef = 2E8F29C522B8F05E0001A2DB /* AppDelegate.swift */; };
		2E8F29CD22B8F0620001A2DB /* Assets.xcassets in Resources */ = {isa = PBXBuildFile; fileRef = 2E8F29CC22B8F0620001A2DB /* Assets.xcassets */; };
		2E8F29D022B8F0620001A2DB /* LaunchScreen.storyboard in Resources */ = {isa = PBXBuildFile; fileRef = 2E8F29CE22B8F0620001A2DB /* LaunchScreen.storyboard */; };
		2E8F29DE22B8F4D40001A2DB /* ViewController.swift in Sources */ = {isa = PBXBuildFile; fileRef = 2E8F29DD22B8F4D40001A2DB /* ViewController.swift */; };
/* End PBXBuildFile section */

/* Begin PBXFileReference section */
		2E8F29C222B8F05E0001A2DB /* RxSimpleApp.app */ = {isa = PBXFileReference; explicitFileType = wrapper.application; includeInIndex = 0; path = RxSimpleApp.app; sourceTree = BUILT_PRODUCTS_DIR; };
		2E8F29C522B8F05E0001A2DB /* AppDelegate.swift */ = {isa = PBXFileReference; lastKnownFileType = sourcecode.swift; path = AppDelegate.swift; sourceTree = "<group>"; };
		2E8F29CC22B8F0620001A2DB /* Assets.xcassets */ = {isa = PBXFileReference; lastKnownFileType = folder.assetcatalog; path = Assets.xcassets; sourceTree = "<group>"; };
		2E8F29CF22B8F0620001A2DB /* Base */ = {isa = PBXFileReference; lastKnownFileType = file.storyboard; name = Base; path = Base.lproj/LaunchScreen.storyboard; sourceTree = "<group>"; };
		2E8F29D122B8F0620001A2DB /* Info.plist */ = {isa = PBXFileReference; lastKnownFileType = text.plist.xml; path = Info.plist; sourceTree = "<group>"; };
		2E8F29DD22B8F4D40001A2DB /* ViewController.swift */ = {isa = PBXFileReference; lastKnownFileType = sourcecode.swift; path = ViewController.swift; sourceTree = "<group>"; };
		67D8F5C5B54019996A50014F /* Pods-RxSimpleApp.release.xcconfig */ = {isa = PBXFileReference; includeInIndex = 1; lastKnownFileType = text.xcconfig; name = "Pods-RxSimpleApp.release.xcconfig"; path = "Target Support Files/Pods-RxSimpleApp/Pods-RxSimpleApp.release.xcconfig"; sourceTree = "<group>"; };
		84C28F6D49AABDD5DA9C8D2F /* Pods-RxSimpleApp.debug.xcconfig */ = {isa = PBXFileReference; includeInIndex = 1; lastKnownFileType = text.xcconfig; name = "Pods-RxSimpleApp.debug.xcconfig"; path = "Target Support Files/Pods-RxSimpleApp/Pods-RxSimpleApp.debug.xcconfig"; sourceTree = "<group>"; };
		AD007173A93F9002C7CD5010 /* Pods_RxSimpleApp.framework */ = {isa = PBXFileReference; explicitFileType = wrapper.framework; includeInIndex = 0; path = Pods_RxSimpleApp.framework; sourceTree = BUILT_PRODUCTS_DIR; };
/* End PBXFileReference section */

/* Begin PBXFrameworksBuildPhase section */
		2E8F29BF22B8F05E0001A2DB /* Frameworks */ = {
			isa = PBXFrameworksBuildPhase;
			buildActionMask = 2147483647;
			files = (
				073A718A55D827B4C4968E9D /* Pods_RxSimpleApp.framework in Frameworks */,
			);
			runOnlyForDeploymentPostprocessing = 0;
		};
/* End PBXFrameworksBuildPhase section */

/* Begin PBXGroup section */
		2E8F29B922B8F05E0001A2DB = {
			isa = PBXGroup;
			children = (
				2E8F29D722B8F11C0001A2DB /* Storyboards */,
				2E8F29C422B8F05E0001A2DB /* RxSimpleApp */,
				2E8F29C322B8F05E0001A2DB /* Products */,
				4B1E1A8D97002DE50099AECC /* Pods */,
				923880DE690976B772916A3A /* Frameworks */,
			);
			sourceTree = "<group>";
		};
		2E8F29C322B8F05E0001A2DB /* Products */ = {
			isa = PBXGroup;
			children = (
				2E8F29C222B8F05E0001A2DB /* RxSimpleApp.app */,
			);
			name = Products;
			sourceTree = "<group>";
		};
		2E8F29C422B8F05E0001A2DB /* RxSimpleApp */ = {
			isa = PBXGroup;
			children = (
				2E8F29DC22B8F4A80001A2DB /* Application */,
				2E8F29C522B8F05E0001A2DB /* AppDelegate.swift */,
				2E8F29CC22B8F0620001A2DB /* Assets.xcassets */,
				2E8F29D122B8F0620001A2DB /* Info.plist */,
			);
			path = RxSimpleApp;
			sourceTree = "<group>";
		};
		2E8F29D722B8F11C0001A2DB /* Storyboards */ = {
			isa = PBXGroup;
			children = (
				2E8F29CE22B8F0620001A2DB /* LaunchScreen.storyboard */,
			);
			path = Storyboards;
			sourceTree = "<group>";
		};
		2E8F29DC22B8F4A80001A2DB /* Application */ = {
			isa = PBXGroup;
			children = (
				2E8F29DD22B8F4D40001A2DB /* ViewController.swift */,
			);
			path = Application;
			sourceTree = "<group>";
		};
		4B1E1A8D97002DE50099AECC /* Pods */ = {
			isa = PBXGroup;
			children = (
				84C28F6D49AABDD5DA9C8D2F /* Pods-RxSimpleApp.debug.xcconfig */,
				67D8F5C5B54019996A50014F /* Pods-RxSimpleApp.release.xcconfig */,
			);
			path = Pods;
			sourceTree = "<group>";
		};
		923880DE690976B772916A3A /* Frameworks */ = {
			isa = PBXGroup;
			children = (
				AD007173A93F9002C7CD5010 /* Pods_RxSimpleApp.framework */,
			);
			name = Frameworks;
			sourceTree = "<group>";
		};
/* End PBXGroup section */

/* Begin PBXNativeTarget section */
		2E8F29C122B8F05E0001A2DB /* RxSimpleApp */ = {
			isa = PBXNativeTarget;
			buildConfigurationList = 2E8F29D422B8F0620001A2DB /* Build configuration list for PBXNativeTarget "RxSimpleApp" */;
			buildPhases = (
				E0541F3136417D629E6F91A9 /* [CP] Check Pods Manifest.lock */,
				2E8F29BE22B8F05E0001A2DB /* Sources */,
				2E8F29BF22B8F05E0001A2DB /* Frameworks */,
				2E8F29C022B8F05E0001A2DB /* Resources */,
				625FA3F343A56CF9FCBD6272 /* [CP] Embed Pods Frameworks */,
			);
			buildRules = (
			);
			dependencies = (
			);
			name = RxSimpleApp;
			productName = RxSimpleApp;
			productReference = 2E8F29C222B8F05E0001A2DB /* RxSimpleApp.app */;
			productType = "com.apple.product-type.application";
		};
/* End PBXNativeTarget section */

/* Begin PBXProject section */
		2E8F29BA22B8F05E0001A2DB /* Project object */ = {
			isa = PBXProject;
			attributes = {
				LastSwiftUpdateCheck = 1020;
				LastUpgradeCheck = 1020;
				ORGANIZATIONNAME = "Artyom Zhytsko";
				TargetAttributes = {
					2E8F29C122B8F05E0001A2DB = {
						CreatedOnToolsVersion = 10.2.1;
					};
				};
			};
			buildConfigurationList = 2E8F29BD22B8F05E0001A2DB /* Build configuration list for PBXProject "RxSimpleApp" */;
			compatibilityVersion = "Xcode 9.3";
			developmentRegion = en;
			hasScannedForEncodings = 0;
			knownRegions = (
				en,
				Base,
			);
			mainGroup = 2E8F29B922B8F05E0001A2DB;
			productRefGroup = 2E8F29C322B8F05E0001A2DB /* Products */;
			projectDirPath = "";
			projectRoot = "";
			targets = (
				2E8F29C122B8F05E0001A2DB /* RxSimpleApp */,
			);
		};
/* End PBXProject section */

/* Begin PBXResourcesBuildPhase section */
		2E8F29C022B8F05E0001A2DB /* Resources */ = {
			isa = PBXResourcesBuildPhase;
			buildActionMask = 2147483647;
			files = (
				2E8F29D022B8F0620001A2DB /* LaunchScreen.storyboard in Resources */,
				2E8F29CD22B8F0620001A2DB /* Assets.xcassets in Resources */,
			);
			runOnlyForDeploymentPostprocessing = 0;
		};
/* End PBXResourcesBuildPhase section */

/* Begin PBXShellScriptBuildPhase section */
		625FA3F343A56CF9FCBD6272 /* [CP] Embed Pods Frameworks */ = {
			isa = PBXShellScriptBuildPhase;
			buildActionMask = 2147483647;
			files = (
			);
			inputFileListPaths = (
				"${PODS_ROOT}/Target Support Files/Pods-RxSimpleApp/Pods-RxSimpleApp-frameworks-${CONFIGURATION}-input-files.xcfilelist",
			);
			name = "[CP] Embed Pods Frameworks";
			outputFileListPaths = (
				"${PODS_ROOT}/Target Support Files/Pods-RxSimpleApp/Pods-RxSimpleApp-frameworks-${CONFIGURATION}-output-files.xcfilelist",
			);
			runOnlyForDeploymentPostprocessing = 0;
			shellPath = /bin/sh;
			shellScript = "\"${PODS_ROOT}/Target Support Files/Pods-RxSimpleApp/Pods-RxSimpleApp-frameworks.sh\"\n";
			showEnvVarsInLog = 0;
		};
		E0541F3136417D629E6F91A9 /* [CP] Check Pods Manifest.lock */ = {
			isa = PBXShellScriptBuildPhase;
			buildActionMask = 2147483647;
			files = (
			);
			inputFileListPaths = (
			);
			inputPaths = (
				"${PODS_PODFILE_DIR_PATH}/Podfile.lock",
				"${PODS_ROOT}/Manifest.lock",
			);
			name = "[CP] Check Pods Manifest.lock";
			outputFileListPaths = (
			);
			outputPaths = (
				"$(DERIVED_FILE_DIR)/Pods-RxSimpleApp-checkManifestLockResult.txt",
			);
			runOnlyForDeploymentPostprocessing = 0;
			shellPath = /bin/sh;
			shellScript = "diff \"${PODS_PODFILE_DIR_PATH}/Podfile.lock\" \"${PODS_ROOT}/Manifest.lock\" > /dev/null\nif [ $? != 0 ] ; then\n    # print error to STDERR\n    echo \"error: The sandbox is not in sync with the Podfile.lock. Run 'pod install' or update your CocoaPods installation.\" >&2\n    exit 1\nfi\n# This output is used by Xcode 'outputs' to avoid re-running this script phase.\necho \"SUCCESS\" > \"${SCRIPT_OUTPUT_FILE_0}\"\n";
			showEnvVarsInLog = 0;
		};
/* End PBXShellScriptBuildPhase section */

/* Begin PBXSourcesBuildPhase section */
		2E8F29BE22B8F05E0001A2DB /* Sources */ = {
			isa = PBXSourcesBuildPhase;
			buildActionMask = 2147483647;
			files = (
				2E8F29DE22B8F4D40001A2DB /* ViewController.swift in Sources */,
				2E8F29C622B8F05E0001A2DB /* AppDelegate.swift in Sources */,
			);
			runOnlyForDeploymentPostprocessing = 0;
		};
/* End PBXSourcesBuildPhase section */

/* Begin PBXVariantGroup section */
		2E8F29CE22B8F0620001A2DB /* LaunchScreen.storyboard */ = {
			isa = PBXVariantGroup;
			children = (
				2E8F29CF22B8F0620001A2DB /* Base */,
			);
			name = LaunchScreen.storyboard;
			sourceTree = "<group>";
		};
/* End PBXVariantGroup section */

/* Begin XCBuildConfiguration section */
		2E8F29D222B8F0620001A2DB /* Debug */ = {
			isa = XCBuildConfiguration;
			buildSettings = {
				ALWAYS_SEARCH_USER_PATHS = NO;
				CLANG_ANALYZER_NONNULL = YES;
				CLANG_ANALYZER_NUMBER_OBJECT_CONVERSION = YES_AGGRESSIVE;
				CLANG_CXX_LANGUAGE_STANDARD = "gnu++14";
				CLANG_CXX_LIBRARY = "libc++";
				CLANG_ENABLE_MODULES = YES;
				CLANG_ENABLE_OBJC_ARC = YES;
				CLANG_ENABLE_OBJC_WEAK = YES;
				CLANG_WARN_BLOCK_CAPTURE_AUTORELEASING = YES;
				CLANG_WARN_BOOL_CONVERSION = YES;
				CLANG_WARN_COMMA = YES;
				CLANG_WARN_CONSTANT_CONVERSION = YES;
				CLANG_WARN_DEPRECATED_OBJC_IMPLEMENTATIONS = YES;
				CLANG_WARN_DIRECT_OBJC_ISA_USAGE = YES_ERROR;
				CLANG_WARN_DOCUMENTATION_COMMENTS = YES;
				CLANG_WARN_EMPTY_BODY = YES;
				CLANG_WARN_ENUM_CONVERSION = YES;
				CLANG_WARN_INFINITE_RECURSION = YES;
				CLANG_WARN_INT_CONVERSION = YES;
				CLANG_WARN_NON_LITERAL_NULL_CONVERSION = YES;
				CLANG_WARN_OBJC_IMPLICIT_RETAIN_SELF = YES;
				CLANG_WARN_OBJC_LITERAL_CONVERSION = YES;
				CLANG_WARN_OBJC_ROOT_CLASS = YES_ERROR;
				CLANG_WARN_RANGE_LOOP_ANALYSIS = YES;
				CLANG_WARN_STRICT_PROTOTYPES = YES;
				CLANG_WARN_SUSPICIOUS_MOVE = YES;
				CLANG_WARN_UNGUARDED_AVAILABILITY = YES_AGGRESSIVE;
				CLANG_WARN_UNREACHABLE_CODE = YES;
				CLANG_WARN__DUPLICATE_METHOD_MATCH = YES;
				CODE_SIGN_IDENTITY = "iPhone Developer";
				COPY_PHASE_STRIP = NO;
				DEBUG_INFORMATION_FORMAT = dwarf;
				ENABLE_STRICT_OBJC_MSGSEND = YES;
				ENABLE_TESTABILITY = YES;
				GCC_C_LANGUAGE_STANDARD = gnu11;
				GCC_DYNAMIC_NO_PIC = NO;
				GCC_NO_COMMON_BLOCKS = YES;
				GCC_OPTIMIZATION_LEVEL = 0;
				GCC_PREPROCESSOR_DEFINITIONS = (
					"DEBUG=1",
					"$(inherited)",
				);
				GCC_WARN_64_TO_32_BIT_CONVERSION = YES;
				GCC_WARN_ABOUT_RETURN_TYPE = YES_ERROR;
				GCC_WARN_UNDECLARED_SELECTOR = YES;
				GCC_WARN_UNINITIALIZED_AUTOS = YES_AGGRESSIVE;
				GCC_WARN_UNUSED_FUNCTION = YES;
				GCC_WARN_UNUSED_VARIABLE = YES;
				IPHONEOS_DEPLOYMENT_TARGET = 12.2;
				MTL_ENABLE_DEBUG_INFO = INCLUDE_SOURCE;
				MTL_FAST_MATH = YES;
				ONLY_ACTIVE_ARCH = YES;
				SDKROOT = iphoneos;
				SWIFT_ACTIVE_COMPILATION_CONDITIONS = DEBUG;
				SWIFT_OPTIMIZATION_LEVEL = "-Onone";
			};
			name = Debug;
		};
		2E8F29D322B8F0620001A2DB /* Release */ = {
			isa = XCBuildConfiguration;
			buildSettings = {
				ALWAYS_SEARCH_USER_PATHS = NO;
				CLANG_ANALYZER_NONNULL = YES;
				CLANG_ANALYZER_NUMBER_OBJECT_CONVERSION = YES_AGGRESSIVE;
				CLANG_CXX_LANGUAGE_STANDARD = "gnu++14";
				CLANG_CXX_LIBRARY = "libc++";
				CLANG_ENABLE_MODULES = YES;
				CLANG_ENABLE_OBJC_ARC = YES;
				CLANG_ENABLE_OBJC_WEAK = YES;
				CLANG_WARN_BLOCK_CAPTURE_AUTORELEASING = YES;
				CLANG_WARN_BOOL_CONVERSION = YES;
				CLANG_WARN_COMMA = YES;
				CLANG_WARN_CONSTANT_CONVERSION = YES;
				CLANG_WARN_DEPRECATED_OBJC_IMPLEMENTATIONS = YES;
				CLANG_WARN_DIRECT_OBJC_ISA_USAGE = YES_ERROR;
				CLANG_WARN_DOCUMENTATION_COMMENTS = YES;
				CLANG_WARN_EMPTY_BODY = YES;
				CLANG_WARN_ENUM_CONVERSION = YES;
				CLANG_WARN_INFINITE_RECURSION = YES;
				CLANG_WARN_INT_CONVERSION = YES;
				CLANG_WARN_NON_LITERAL_NULL_CONVERSION = YES;
				CLANG_WARN_OBJC_IMPLICIT_RETAIN_SELF = YES;
				CLANG_WARN_OBJC_LITERAL_CONVERSION = YES;
				CLANG_WARN_OBJC_ROOT_CLASS = YES_ERROR;
				CLANG_WARN_RANGE_LOOP_ANALYSIS = YES;
				CLANG_WARN_STRICT_PROTOTYPES = YES;
				CLANG_WARN_SUSPICIOUS_MOVE = YES;
				CLANG_WARN_UNGUARDED_AVAILABILITY = YES_AGGRESSIVE;
				CLANG_WARN_UNREACHABLE_CODE = YES;
				CLANG_WARN__DUPLICATE_METHOD_MATCH = YES;
				CODE_SIGN_IDENTITY = "iPhone Developer";
				COPY_PHASE_STRIP = NO;
				DEBUG_INFORMATION_FORMAT = "dwarf-with-dsym";
				ENABLE_NS_ASSERTIONS = NO;
				ENABLE_STRICT_OBJC_MSGSEND = YES;
				GCC_C_LANGUAGE_STANDARD = gnu11;
				GCC_NO_COMMON_BLOCKS = YES;
				GCC_WARN_64_TO_32_BIT_CONVERSION = YES;
				GCC_WARN_ABOUT_RETURN_TYPE = YES_ERROR;
				GCC_WARN_UNDECLARED_SELECTOR = YES;
				GCC_WARN_UNINITIALIZED_AUTOS = YES_AGGRESSIVE;
				GCC_WARN_UNUSED_FUNCTION = YES;
				GCC_WARN_UNUSED_VARIABLE = YES;
				IPHONEOS_DEPLOYMENT_TARGET = 12.2;
				MTL_ENABLE_DEBUG_INFO = NO;
				MTL_FAST_MATH = YES;
				SDKROOT = iphoneos;
				SWIFT_COMPILATION_MODE = wholemodule;
				SWIFT_OPTIMIZATION_LEVEL = "-O";
				VALIDATE_PRODUCT = YES;
			};
			name = Release;
		};
		2E8F29D522B8F0620001A2DB /* Debug */ = {
			isa = XCBuildConfiguration;
			baseConfigurationReference = 84C28F6D49AABDD5DA9C8D2F /* Pods-RxSimpleApp.debug.xcconfig */;
			buildSettings = {
				ASSETCATALOG_COMPILER_APPICON_NAME = AppIcon;
				CODE_SIGN_STYLE = Automatic;
				DEVELOPMENT_TEAM = 6WTH72VSQZ;
				INFOPLIST_FILE = RxSimpleApp/Info.plist;
				LD_RUNPATH_SEARCH_PATHS = (
					"$(inherited)",
					"@executable_path/Frameworks",
				);
				PRODUCT_BUNDLE_IDENTIFIER = com.RxSimpleApp;
				PRODUCT_NAME = "$(TARGET_NAME)";
				SWIFT_VERSION = 5.0;
				TARGETED_DEVICE_FAMILY = 1;
			};
			name = Debug;
		};
		2E8F29D622B8F0620001A2DB /* Release */ = {
			isa = XCBuildConfiguration;
			baseConfigurationReference = 67D8F5C5B54019996A50014F /* Pods-RxSimpleApp.release.xcconfig */;
			buildSettings = {
				ASSETCATALOG_COMPILER_APPICON_NAME = AppIcon;
				CODE_SIGN_STYLE = Automatic;
				DEVELOPMENT_TEAM = 6WTH72VSQZ;
				INFOPLIST_FILE = RxSimpleApp/Info.plist;
				LD_RUNPATH_SEARCH_PATHS = (
					"$(inherited)",
					"@executable_path/Frameworks",
				);
				PRODUCT_BUNDLE_IDENTIFIER = com.RxSimpleApp;
				PRODUCT_NAME = "$(TARGET_NAME)";
				SWIFT_VERSION = 5.0;
				TARGETED_DEVICE_FAMILY = 1;
			};
			name = Release;
		};
/* End XCBuildConfiguration section */

/* Begin XCConfigurationList section */
		2E8F29BD22B8F05E0001A2DB /* Build configuration list for PBXProject "RxSimpleApp" */ = {
			isa = XCConfigurationList;
			buildConfigurations = (
				2E8F29D222B8F0620001A2DB /* Debug */,
				2E8F29D322B8F0620001A2DB /* Release */,
			);
			defaultConfigurationIsVisible = 0;
			defaultConfigurationName = Release;
		};
		2E8F29D422B8F0620001A2DB /* Build configuration list for PBXNativeTarget "RxSimpleApp" */ = {
			isa = XCConfigurationList;
			buildConfigurations = (
				2E8F29D522B8F0620001A2DB /* Debug */,
				2E8F29D622B8F0620001A2DB /* Release */,
			);
			defaultConfigurationIsVisible = 0;
			defaultConfigurationName = Release;
		};
/* End XCConfigurationList section */
	};
	rootObject = 2E8F29BA22B8F05E0001A2DB /* Project object */;
}
